// !$*UTF8*$!
{
	archiveVersion = 1;
	classes = {
	};
	objectVersion = 77;
	objects = {

/* Begin PBXBuildFile section */
		DB1049C42DD9473700847E27 /* quizData.json in Resources */ = {isa = PBXBuildFile; fileRef = DB1049C32DD9473700847E27 /* quizData.json */; platformFilter = ios; };
		DB1049C62DD9476C00847E27 /* stores.json in Resources */ = {isa = PBXBuildFile; fileRef = DB1049C52DD9476C00847E27 /* stores.json */; };
		DB1049D02DD952AF00847E27 /* Theme.swift in Sources */ = {isa = PBXBuildFile; fileRef = DB1049CF2DD952AF00847E27 /* Theme.swift */; };
/* End PBXBuildFile section */

/* Begin PBXContainerItemProxy section */
		DB3B241C2DD42FFF0086B272 /* PBXContainerItemProxy */ = {
			isa = PBXContainerItemProxy;
			containerPortal = DB3B24032DD42FFD0086B272 /* Project object */;
			proxyType = 1;
			remoteGlobalIDString = DB3B240A2DD42FFD0086B272;
			remoteInfo = "Scent Recommender";
		};
		DB3B24262DD42FFF0086B272 /* PBXContainerItemProxy */ = {
			isa = PBXContainerItemProxy;
			containerPortal = DB3B24032DD42FFD0086B272 /* Project object */;
			proxyType = 1;
			remoteGlobalIDString = DB3B240A2DD42FFD0086B272;
			remoteInfo = "Scent Recommender";
		};
/* End PBXContainerItemProxy section */

/* Begin PBXFileReference section */
		DB1049C32DD9473700847E27 /* quizData.json */ = {isa = PBXFileReference; lastKnownFileType = text.json; path = quizData.json; sourceTree = "<group>"; };
		DB1049C52DD9476C00847E27 /* stores.json */ = {isa = PBXFileReference; lastKnownFileType = text.json; path = stores.json; sourceTree = "<group>"; };
		DB1049CB2DD949FC00847E27 /* ScentModel.xcdatamodel */ = {isa = PBXFileReference; lastKnownFileType = wrapper.xcdatamodel; path = ScentModel.xcdatamodel; sourceTree = "<group>"; };
		DB1049CF2DD952AF00847E27 /* Theme.swift */ = {isa = PBXFileReference; lastKnownFileType = sourcecode.swift; path = Theme.swift; sourceTree = "<group>"; };
		DB3B240B2DD42FFD0086B272 /* Scent Recommender.app */ = {isa = PBXFileReference; explicitFileType = wrapper.application; includeInIndex = 0; path = "Scent Recommender.app"; sourceTree = BUILT_PRODUCTS_DIR; };
		DB3B241B2DD42FFF0086B272 /* Scent RecommenderTests.xctest */ = {isa = PBXFileReference; explicitFileType = wrapper.cfbundle; includeInIndex = 0; path = "Scent RecommenderTests.xctest"; sourceTree = BUILT_PRODUCTS_DIR; };
		DB3B24252DD42FFF0086B272 /* Scent RecommenderUITests.xctest */ = {isa = PBXFileReference; explicitFileType = wrapper.cfbundle; includeInIndex = 0; path = "Scent RecommenderUITests.xctest"; sourceTree = BUILT_PRODUCTS_DIR; };
/* End PBXFileReference section */

/* Begin PBXFileSystemSynchronizedBuildFileExceptionSet section */
		DB1049C92DD9490E00847E27 /* Exceptions for "Scent Recommender" folder in "Scent Recommender" target */ = {
			isa = PBXFileSystemSynchronizedBuildFileExceptionSet;
			membershipExceptions = (
				ScentModel.xcdatamodeld,
			);
			platformFiltersByRelativePath = {
				Views/StoreMapView.swift = (ios, );
			};
			target = DB3B240A2DD42FFD0086B272 /* Scent Recommender */;
		};
/* End PBXFileSystemSynchronizedBuildFileExceptionSet section */

/* Begin PBXFileSystemSynchronizedRootGroup section */
		DB3B240D2DD42FFD0086B272 /* Scent Recommender */ = {
			isa = PBXFileSystemSynchronizedRootGroup;
			exceptions = (
				DB1049C92DD9490E00847E27 /* Exceptions for "Scent Recommender" folder in "Scent Recommender" target */,
			);
			path = "Scent Recommender";
			sourceTree = "<group>";
		};
		DB3B241E2DD42FFF0086B272 /* Scent RecommenderTests */ = {
			isa = PBXFileSystemSynchronizedRootGroup;
			path = "Scent RecommenderTests";
			sourceTree = "<group>";
		};
		DB3B24282DD42FFF0086B272 /* Scent RecommenderUITests */ = {
			isa = PBXFileSystemSynchronizedRootGroup;
			path = "Scent RecommenderUITests";
			sourceTree = "<group>";
		};
/* End PBXFileSystemSynchronizedRootGroup section */

/* Begin PBXFrameworksBuildPhase section */
		DB3B24082DD42FFD0086B272 /* Frameworks */ = {
			isa = PBXFrameworksBuildPhase;
			buildActionMask = 2147483647;
			files = (
			);
			runOnlyForDeploymentPostprocessing = 0;
		};
		DB3B24182DD42FFF0086B272 /* Frameworks */ = {
			isa = PBXFrameworksBuildPhase;
			buildActionMask = 2147483647;
			files = (
			);
			runOnlyForDeploymentPostprocessing = 0;
		};
		DB3B24222DD42FFF0086B272 /* Frameworks */ = {
			isa = PBXFrameworksBuildPhase;
			buildActionMask = 2147483647;
			files = (
			);
			runOnlyForDeploymentPostprocessing = 0;
		};
/* End PBXFrameworksBuildPhase section */

/* Begin PBXGroup section */
		DB1049C12DD9468900847E27 /* Resources */ = {
			isa = PBXGroup;
			children = (
				DB1049C32DD9473700847E27 /* quizData.json */,
				DB1049C52DD9476C00847E27 /* stores.json */,
			);
			path = Resources;
			sourceTree = "<group>";
		};
		DB1049CE2DD9529F00847E27 /* Support */ = {
			isa = PBXGroup;
			children = (
				DB1049CF2DD952AF00847E27 /* Theme.swift */,
			);
			path = Support;
			sourceTree = "<group>";
		};
		DB3B24022DD42FFD0086B272 = {
			isa = PBXGroup;
			children = (
				DB1049CE2DD9529F00847E27 /* Support */,
				DB1049CA2DD949FC00847E27 /* ScentModel.xcdatamodeld */,
				DB1049C12DD9468900847E27 /* Resources */,
				DB3B240D2DD42FFD0086B272 /* Scent Recommender */,
				DB3B241E2DD42FFF0086B272 /* Scent RecommenderTests */,
				DB3B24282DD42FFF0086B272 /* Scent RecommenderUITests */,
				DB3B240C2DD42FFD0086B272 /* Products */,
			);
			sourceTree = "<group>";
		};
		DB3B240C2DD42FFD0086B272 /* Products */ = {
			isa = PBXGroup;
			children = (
				DB3B240B2DD42FFD0086B272 /* Scent Recommender.app */,
				DB3B241B2DD42FFF0086B272 /* Scent RecommenderTests.xctest */,
				DB3B24252DD42FFF0086B272 /* Scent RecommenderUITests.xctest */,
			);
			name = Products;
			sourceTree = "<group>";
		};
/* End PBXGroup section */

/* Begin PBXNativeTarget section */
		DB3B240A2DD42FFD0086B272 /* Scent Recommender */ = {
			isa = PBXNativeTarget;
			buildConfigurationList = DB3B242F2DD42FFF0086B272 /* Build configuration list for PBXNativeTarget "Scent Recommender" */;
			buildPhases = (
				DB3B24072DD42FFD0086B272 /* Sources */,
				DB3B24082DD42FFD0086B272 /* Frameworks */,
				DB3B24092DD42FFD0086B272 /* Resources */,
			);
			buildRules = (
			);
			dependencies = (
			);
			fileSystemSynchronizedGroups = (
				DB3B240D2DD42FFD0086B272 /* Scent Recommender */,
			);
			name = "Scent Recommender";
			packageProductDependencies = (
			);
			productName = "Scent Recommender";
			productReference = DB3B240B2DD42FFD0086B272 /* Scent Recommender.app */;
			productType = "com.apple.product-type.application";
		};
		DB3B241A2DD42FFF0086B272 /* Scent RecommenderTests */ = {
			isa = PBXNativeTarget;
			buildConfigurationList = DB3B24322DD42FFF0086B272 /* Build configuration list for PBXNativeTarget "Scent RecommenderTests" */;
			buildPhases = (
				DB3B24172DD42FFF0086B272 /* Sources */,
				DB3B24182DD42FFF0086B272 /* Frameworks */,
				DB3B24192DD42FFF0086B272 /* Resources */,
			);
			buildRules = (
			);
			dependencies = (
				DB3B241D2DD42FFF0086B272 /* PBXTargetDependency */,
			);
			fileSystemSynchronizedGroups = (
				DB3B241E2DD42FFF0086B272 /* Scent RecommenderTests */,
			);
			name = "Scent RecommenderTests";
			packageProductDependencies = (
			);
			productName = "Scent RecommenderTests";
			productReference = DB3B241B2DD42FFF0086B272 /* Scent RecommenderTests.xctest */;
			productType = "com.apple.product-type.bundle.unit-test";
		};
		DB3B24242DD42FFF0086B272 /* Scent RecommenderUITests */ = {
			isa = PBXNativeTarget;
			buildConfigurationList = DB3B24352DD42FFF0086B272 /* Build configuration list for PBXNativeTarget "Scent RecommenderUITests" */;
			buildPhases = (
				DB3B24212DD42FFF0086B272 /* Sources */,
				DB3B24222DD42FFF0086B272 /* Frameworks */,
				DB3B24232DD42FFF0086B272 /* Resources */,
			);
			buildRules = (
			);
			dependencies = (
				DB3B24272DD42FFF0086B272 /* PBXTargetDependency */,
			);
			fileSystemSynchronizedGroups = (
				DB3B24282DD42FFF0086B272 /* Scent RecommenderUITests */,
			);
			name = "Scent RecommenderUITests";
			packageProductDependencies = (
			);
			productName = "Scent RecommenderUITests";
			productReference = DB3B24252DD42FFF0086B272 /* Scent RecommenderUITests.xctest */;
			productType = "com.apple.product-type.bundle.ui-testing";
		};
/* End PBXNativeTarget section */

/* Begin PBXProject section */
		DB3B24032DD42FFD0086B272 /* Project object */ = {
			isa = PBXProject;
			attributes = {
				BuildIndependentTargetsInParallel = 1;
				LastSwiftUpdateCheck = 1620;
				LastUpgradeCheck = 1620;
				TargetAttributes = {
					DB3B240A2DD42FFD0086B272 = {
						CreatedOnToolsVersion = 16.2;
					};
					DB3B241A2DD42FFF0086B272 = {
						CreatedOnToolsVersion = 16.2;
						TestTargetID = DB3B240A2DD42FFD0086B272;
					};
					DB3B24242DD42FFF0086B272 = {
						CreatedOnToolsVersion = 16.2;
						TestTargetID = DB3B240A2DD42FFD0086B272;
					};
				};
			};
			buildConfigurationList = DB3B24062DD42FFD0086B272 /* Build configuration list for PBXProject "Scent Recommender" */;
			developmentRegion = en;
			hasScannedForEncodings = 0;
			knownRegions = (
				en,
				Base,
			);
			mainGroup = DB3B24022DD42FFD0086B272;
			minimizedProjectReferenceProxies = 1;
			preferredProjectObjectVersion = 77;
			productRefGroup = DB3B240C2DD42FFD0086B272 /* Products */;
			projectDirPath = "";
			projectRoot = "";
			targets = (
				DB3B240A2DD42FFD0086B272 /* Scent Recommender */,
				DB3B241A2DD42FFF0086B272 /* Scent RecommenderTests */,
				DB3B24242DD42FFF0086B272 /* Scent RecommenderUITests */,
			);
		};
/* End PBXProject section */

/* Begin PBXResourcesBuildPhase section */
		DB3B24092DD42FFD0086B272 /* Resources */ = {
			isa = PBXResourcesBuildPhase;
			buildActionMask = 2147483647;
			files = (
				DB1049C42DD9473700847E27 /* quizData.json in Resources */,
				DB1049C62DD9476C00847E27 /* stores.json in Resources */,
			);
			runOnlyForDeploymentPostprocessing = 0;
		};
		DB3B24192DD42FFF0086B272 /* Resources */ = {
			isa = PBXResourcesBuildPhase;
			buildActionMask = 2147483647;
			files = (
			);
			runOnlyForDeploymentPostprocessing = 0;
		};
		DB3B24232DD42FFF0086B272 /* Resources */ = {
			isa = PBXResourcesBuildPhase;
			buildActionMask = 2147483647;
			files = (
			);
			runOnlyForDeploymentPostprocessing = 0;
		};
/* End PBXResourcesBuildPhase section */

/* Begin PBXSourcesBuildPhase section */
		DB3B24072DD42FFD0086B272 /* Sources */ = {
			isa = PBXSourcesBuildPhase;
			buildActionMask = 2147483647;
			files = (
				DB1049D02DD952AF00847E27 /* Theme.swift in Sources */,
			);
			runOnlyForDeploymentPostprocessing = 0;
		};
		DB3B24172DD42FFF0086B272 /* Sources */ = {
			isa = PBXSourcesBuildPhase;
			buildActionMask = 2147483647;
			files = (
			);
			runOnlyForDeploymentPostprocessing = 0;
		};
		DB3B24212DD42FFF0086B272 /* Sources */ = {
			isa = PBXSourcesBuildPhase;
			buildActionMask = 2147483647;
			files = (
			);
			runOnlyForDeploymentPostprocessing = 0;
		};
/* End PBXSourcesBuildPhase section */

/* Begin PBXTargetDependency section */
		DB3B241D2DD42FFF0086B272 /* PBXTargetDependency */ = {
			isa = PBXTargetDependency;
			target = DB3B240A2DD42FFD0086B272 /* Scent Recommender */;
			targetProxy = DB3B241C2DD42FFF0086B272 /* PBXContainerItemProxy */;
		};
		DB3B24272DD42FFF0086B272 /* PBXTargetDependency */ = {
			isa = PBXTargetDependency;
			target = DB3B240A2DD42FFD0086B272 /* Scent Recommender */;
			targetProxy = DB3B24262DD42FFF0086B272 /* PBXContainerItemProxy */;
		};
/* End PBXTargetDependency section */

/* Begin XCBuildConfiguration section */
		DB3B242D2DD42FFF0086B272 /* Debug */ = {
			isa = XCBuildConfiguration;
			buildSettings = {
				ALWAYS_SEARCH_USER_PATHS = NO;
				ASSETCATALOG_COMPILER_GENERATE_SWIFT_ASSET_SYMBOL_EXTENSIONS = YES;
				CLANG_ANALYZER_NONNULL = YES;
				CLANG_ANALYZER_NUMBER_OBJECT_CONVERSION = YES_AGGRESSIVE;
				CLANG_CXX_LANGUAGE_STANDARD = "gnu++20";
				CLANG_ENABLE_MODULES = YES;
				CLANG_ENABLE_OBJC_ARC = YES;
				CLANG_ENABLE_OBJC_WEAK = YES;
				CLANG_WARN_BLOCK_CAPTURE_AUTORELEASING = YES;
				CLANG_WARN_BOOL_CONVERSION = YES;
				CLANG_WARN_COMMA = YES;
				CLANG_WARN_CONSTANT_CONVERSION = YES;
				CLANG_WARN_DEPRECATED_OBJC_IMPLEMENTATIONS = YES;
				CLANG_WARN_DIRECT_OBJC_ISA_USAGE = YES_ERROR;
				CLANG_WARN_DOCUMENTATION_COMMENTS = YES;
				CLANG_WARN_EMPTY_BODY = YES;
				CLANG_WARN_ENUM_CONVERSION = YES;
				CLANG_WARN_INFINITE_RECURSION = YES;
				CLANG_WARN_INT_CONVERSION = YES;
				CLANG_WARN_NON_LITERAL_NULL_CONVERSION = YES;
				CLANG_WARN_OBJC_IMPLICIT_RETAIN_SELF = YES;
				CLANG_WARN_OBJC_LITERAL_CONVERSION = YES;
				CLANG_WARN_OBJC_ROOT_CLASS = YES_ERROR;
				CLANG_WARN_QUOTED_INCLUDE_IN_FRAMEWORK_HEADER = YES;
				CLANG_WARN_RANGE_LOOP_ANALYSIS = YES;
				CLANG_WARN_STRICT_PROTOTYPES = YES;
				CLANG_WARN_SUSPICIOUS_MOVE = YES;
				CLANG_WARN_UNGUARDED_AVAILABILITY = YES_AGGRESSIVE;
				CLANG_WARN_UNREACHABLE_CODE = YES;
				CLANG_WARN__DUPLICATE_METHOD_MATCH = YES;
				COPY_PHASE_STRIP = NO;
				DEBUG_INFORMATION_FORMAT = dwarf;
				ENABLE_STRICT_OBJC_MSGSEND = YES;
				ENABLE_TESTABILITY = YES;
				ENABLE_USER_SCRIPT_SANDBOXING = YES;
				GCC_C_LANGUAGE_STANDARD = gnu17;
				GCC_DYNAMIC_NO_PIC = NO;
				GCC_NO_COMMON_BLOCKS = YES;
				GCC_OPTIMIZATION_LEVEL = 0;
				GCC_PREPROCESSOR_DEFINITIONS = (
					"DEBUG=1",
					"$(inherited)",
				);
				GCC_WARN_64_TO_32_BIT_CONVERSION = YES;
				GCC_WARN_ABOUT_RETURN_TYPE = YES_ERROR;
				GCC_WARN_UNDECLARED_SELECTOR = YES;
				GCC_WARN_UNINITIALIZED_AUTOS = YES_AGGRESSIVE;
				GCC_WARN_UNUSED_FUNCTION = YES;
				GCC_WARN_UNUSED_VARIABLE = YES;
				IPHONEOS_DEPLOYMENT_TARGET = 18.2;
				LOCALIZATION_PREFERS_STRING_CATALOGS = YES;
				MTL_ENABLE_DEBUG_INFO = INCLUDE_SOURCE;
				MTL_FAST_MATH = YES;
				ONLY_ACTIVE_ARCH = YES;
				SDKROOT = iphoneos;
				SWIFT_ACTIVE_COMPILATION_CONDITIONS = "DEBUG $(inherited)";
				SWIFT_OPTIMIZATION_LEVEL = "-Onone";
			};
			name = Debug;
		};
		DB3B242E2DD42FFF0086B272 /* Release */ = {
			isa = XCBuildConfiguration;
			buildSettings = {
				ALWAYS_SEARCH_USER_PATHS = NO;
				ASSETCATALOG_COMPILER_GENERATE_SWIFT_ASSET_SYMBOL_EXTENSIONS = YES;
				CLANG_ANALYZER_NONNULL = YES;
				CLANG_ANALYZER_NUMBER_OBJECT_CONVERSION = YES_AGGRESSIVE;
				CLANG_CXX_LANGUAGE_STANDARD = "gnu++20";
				CLANG_ENABLE_MODULES = YES;
				CLANG_ENABLE_OBJC_ARC = YES;
				CLANG_ENABLE_OBJC_WEAK = YES;
				CLANG_WARN_BLOCK_CAPTURE_AUTORELEASING = YES;
				CLANG_WARN_BOOL_CONVERSION = YES;
				CLANG_WARN_COMMA = YES;
				CLANG_WARN_CONSTANT_CONVERSION = YES;
				CLANG_WARN_DEPRECATED_OBJC_IMPLEMENTATIONS = YES;
				CLANG_WARN_DIRECT_OBJC_ISA_USAGE = YES_ERROR;
				CLANG_WARN_DOCUMENTATION_COMMENTS = YES;
				CLANG_WARN_EMPTY_BODY = YES;
				CLANG_WARN_ENUM_CONVERSION = YES;
				CLANG_WARN_INFINITE_RECURSION = YES;
				CLANG_WARN_INT_CONVERSION = YES;
				CLANG_WARN_NON_LITERAL_NULL_CONVERSION = YES;
				CLANG_WARN_OBJC_IMPLICIT_RETAIN_SELF = YES;
				CLANG_WARN_OBJC_LITERAL_CONVERSION = YES;
				CLANG_WARN_OBJC_ROOT_CLASS = YES_ERROR;
				CLANG_WARN_QUOTED_INCLUDE_IN_FRAMEWORK_HEADER = YES;
				CLANG_WARN_RANGE_LOOP_ANALYSIS = YES;
				CLANG_WARN_STRICT_PROTOTYPES = YES;
				CLANG_WARN_SUSPICIOUS_MOVE = YES;
				CLANG_WARN_UNGUARDED_AVAILABILITY = YES_AGGRESSIVE;
				CLANG_WARN_UNREACHABLE_CODE = YES;
				CLANG_WARN__DUPLICATE_METHOD_MATCH = YES;
				COPY_PHASE_STRIP = NO;
				DEBUG_INFORMATION_FORMAT = "dwarf-with-dsym";
				ENABLE_NS_ASSERTIONS = NO;
				ENABLE_STRICT_OBJC_MSGSEND = YES;
				ENABLE_USER_SCRIPT_SANDBOXING = YES;
				GCC_C_LANGUAGE_STANDARD = gnu17;
				GCC_NO_COMMON_BLOCKS = YES;
				GCC_WARN_64_TO_32_BIT_CONVERSION = YES;
				GCC_WARN_ABOUT_RETURN_TYPE = YES_ERROR;
				GCC_WARN_UNDECLARED_SELECTOR = YES;
				GCC_WARN_UNINITIALIZED_AUTOS = YES_AGGRESSIVE;
				GCC_WARN_UNUSED_FUNCTION = YES;
				GCC_WARN_UNUSED_VARIABLE = YES;
				IPHONEOS_DEPLOYMENT_TARGET = 18.2;
				LOCALIZATION_PREFERS_STRING_CATALOGS = YES;
				MTL_ENABLE_DEBUG_INFO = NO;
				MTL_FAST_MATH = YES;
				SDKROOT = iphoneos;
				SWIFT_COMPILATION_MODE = wholemodule;
				VALIDATE_PRODUCT = YES;
			};
			name = Release;
		};
		DB3B24302DD42FFF0086B272 /* Debug */ = {
			isa = XCBuildConfiguration;
			buildSettings = {
				ASSETCATALOG_COMPILER_APPICON_NAME = AppIcon;
				ASSETCATALOG_COMPILER_GLOBAL_ACCENT_COLOR_NAME = AccentColor;
				CODE_SIGN_STYLE = Automatic;
				CURRENT_PROJECT_VERSION = 1;
				DEVELOPMENT_ASSET_PATHS = "\"Scent Recommender/Preview Content\"";
				ENABLE_PREVIEWS = YES;
				GENERATE_INFOPLIST_FILE = YES;
				INFOPLIST_KEY_UIApplicationSceneManifest_Generation = YES;
				INFOPLIST_KEY_UIApplicationSupportsIndirectInputEvents = YES;
				INFOPLIST_KEY_UILaunchScreen_Generation = YES;
				INFOPLIST_KEY_UISupportedInterfaceOrientations_iPad = "UIInterfaceOrientationPortrait UIInterfaceOrientationPortraitUpsideDown UIInterfaceOrientationLandscapeLeft UIInterfaceOrientationLandscapeRight";
				INFOPLIST_KEY_UISupportedInterfaceOrientations_iPhone = "UIInterfaceOrientationPortrait UIInterfaceOrientationLandscapeLeft UIInterfaceOrientationLandscapeRight";
				LD_RUNPATH_SEARCH_PATHS = (
					"$(inherited)",
					"@executable_path/Frameworks",
				);
				MARKETING_VERSION = 1.0;
				PRODUCT_BUNDLE_IDENTIFIER = "com.yourname.Scent-Recommender";
				PRODUCT_NAME = "$(TARGET_NAME)";
				SWIFT_EMIT_LOC_STRINGS = YES;
				SWIFT_VERSION = 5.0;
				TARGETED_DEVICE_FAMILY = "1,2";
			};
			name = Debug;
		};
		DB3B24312DD42FFF0086B272 /* Release */ = {
			isa = XCBuildConfiguration;
			buildSettings = {
				ASSETCATALOG_COMPILER_APPICON_NAME = AppIcon;
				ASSETCATALOG_COMPILER_GLOBAL_ACCENT_COLOR_NAME = AccentColor;
				CODE_SIGN_STYLE = Automatic;
				CURRENT_PROJECT_VERSION = 1;
				DEVELOPMENT_ASSET_PATHS = "\"Scent Recommender/Preview Content\"";
				ENABLE_PREVIEWS = YES;
				GENERATE_INFOPLIST_FILE = YES;
				INFOPLIST_KEY_UIApplicationSceneManifest_Generation = YES;
				INFOPLIST_KEY_UIApplicationSupportsIndirectInputEvents = YES;
				INFOPLIST_KEY_UILaunchScreen_Generation = YES;
				INFOPLIST_KEY_UISupportedInterfaceOrientations_iPad = "UIInterfaceOrientationPortrait UIInterfaceOrientationPortraitUpsideDown UIInterfaceOrientationLandscapeLeft UIInterfaceOrientationLandscapeRight";
				INFOPLIST_KEY_UISupportedInterfaceOrientations_iPhone = "UIInterfaceOrientationPortrait UIInterfaceOrientationLandscapeLeft UIInterfaceOrientationLandscapeRight";
				LD_RUNPATH_SEARCH_PATHS = (
					"$(inherited)",
					"@executable_path/Frameworks",
				);
				MARKETING_VERSION = 1.0;
				PRODUCT_BUNDLE_IDENTIFIER = "com.yourname.Scent-Recommender";
				PRODUCT_NAME = "$(TARGET_NAME)";
				SWIFT_EMIT_LOC_STRINGS = YES;
				SWIFT_VERSION = 5.0;
				TARGETED_DEVICE_FAMILY = "1,2";
			};
			name = Release;
		};
		DB3B24332DD42FFF0086B272 /* Debug */ = {
			isa = XCBuildConfiguration;
			buildSettings = {
				BUNDLE_LOADER = "$(TEST_HOST)";
				CODE_SIGN_STYLE = Automatic;
				CURRENT_PROJECT_VERSION = 1;
				GENERATE_INFOPLIST_FILE = YES;
				IPHONEOS_DEPLOYMENT_TARGET = 18.2;
				MARKETING_VERSION = 1.0;
				PRODUCT_BUNDLE_IDENTIFIER = "com.yourname.Scent-RecommenderTests";
				PRODUCT_NAME = "$(TARGET_NAME)";
				SWIFT_EMIT_LOC_STRINGS = NO;
				SWIFT_VERSION = 5.0;
				TARGETED_DEVICE_FAMILY = "1,2";
				TEST_HOST = "$(BUILT_PRODUCTS_DIR)/Scent Recommender.app/$(BUNDLE_EXECUTABLE_FOLDER_PATH)/Scent Recommender";
			};
			name = Debug;
		};
		DB3B24342DD42FFF0086B272 /* Release */ = {
			isa = XCBuildConfiguration;
			buildSettings = {
				BUNDLE_LOADER = "$(TEST_HOST)";
				CODE_SIGN_STYLE = Automatic;
				CURRENT_PROJECT_VERSION = 1;
				GENERATE_INFOPLIST_FILE = YES;
				IPHONEOS_DEPLOYMENT_TARGET = 18.2;
				MARKETING_VERSION = 1.0;
				PRODUCT_BUNDLE_IDENTIFIER = "com.yourname.Scent-RecommenderTests";
				PRODUCT_NAME = "$(TARGET_NAME)";
				SWIFT_EMIT_LOC_STRINGS = NO;
				SWIFT_VERSION = 5.0;
				TARGETED_DEVICE_FAMILY = "1,2";
				TEST_HOST = "$(BUILT_PRODUCTS_DIR)/Scent Recommender.app/$(BUNDLE_EXECUTABLE_FOLDER_PATH)/Scent Recommender";
			};
			name = Release;
		};
		DB3B24362DD42FFF0086B272 /* Debug */ = {
			isa = XCBuildConfiguration;
			buildSettings = {
				CODE_SIGN_STYLE = Automatic;
				CURRENT_PROJECT_VERSION = 1;
				GENERATE_INFOPLIST_FILE = YES;
				MARKETING_VERSION = 1.0;
				PRODUCT_BUNDLE_IDENTIFIER = "com.yourname.Scent-RecommenderUITests";
				PRODUCT_NAME = "$(TARGET_NAME)";
				SWIFT_EMIT_LOC_STRINGS = NO;
				SWIFT_VERSION = 5.0;
				TARGETED_DEVICE_FAMILY = "1,2";
				TEST_TARGET_NAME = "Scent Recommender";
			};
			name = Debug;
		};
		DB3B24372DD42FFF0086B272 /* Release */ = {
			isa = XCBuildConfiguration;
			buildSettings = {
				CODE_SIGN_STYLE = Automatic;
				CURRENT_PROJECT_VERSION = 1;
				GENERATE_INFOPLIST_FILE = YES;
				MARKETING_VERSION = 1.0;
				PRODUCT_BUNDLE_IDENTIFIER = "com.yourname.Scent-RecommenderUITests";
				PRODUCT_NAME = "$(TARGET_NAME)";
				SWIFT_EMIT_LOC_STRINGS = NO;
				SWIFT_VERSION = 5.0;
				TARGETED_DEVICE_FAMILY = "1,2";
				TEST_TARGET_NAME = "Scent Recommender";
			};
			name = Release;
		};
/* End XCBuildConfiguration section */

/* Begin XCConfigurationList section */
		DB3B24062DD42FFD0086B272 /* Build configuration list for PBXProject "Scent Recommender" */ = {
			isa = XCConfigurationList;
			buildConfigurations = (
				DB3B242D2DD42FFF0086B272 /* Debug */,
				DB3B242E2DD42FFF0086B272 /* Release */,
			);
			defaultConfigurationIsVisible = 0;
			defaultConfigurationName = Release;
		};
		DB3B242F2DD42FFF0086B272 /* Build configuration list for PBXNativeTarget "Scent Recommender" */ = {
			isa = XCConfigurationList;
			buildConfigurations = (
				DB3B24302DD42FFF0086B272 /* Debug */,
				DB3B24312DD42FFF0086B272 /* Release */,
			);
			defaultConfigurationIsVisible = 0;
			defaultConfigurationName = Release;
		};
		DB3B24322DD42FFF0086B272 /* Build configuration list for PBXNativeTarget "Scent RecommenderTests" */ = {
			isa = XCConfigurationList;
			buildConfigurations = (
				DB3B24332DD42FFF0086B272 /* Debug */,
				DB3B24342DD42FFF0086B272 /* Release */,
			);
			defaultConfigurationIsVisible = 0;
			defaultConfigurationName = Release;
		};
		DB3B24352DD42FFF0086B272 /* Build configuration list for PBXNativeTarget "Scent RecommenderUITests" */ = {
			isa = XCConfigurationList;
			buildConfigurations = (
				DB3B24362DD42FFF0086B272 /* Debug */,
				DB3B24372DD42FFF0086B272 /* Release */,
			);
			defaultConfigurationIsVisible = 0;
			defaultConfigurationName = Release;
		};
/* End XCConfigurationList section */

/* Begin XCVersionGroup section */
		DB1049CA2DD949FC00847E27 /* ScentModel.xcdatamodeld */ = {
			isa = XCVersionGroup;
			children = (
				DB1049CB2DD949FC00847E27 /* ScentModel.xcdatamodel */,
			);
			currentVersion = DB1049CB2DD949FC00847E27 /* ScentModel.xcdatamodel */;
			path = ScentModel.xcdatamodeld;
			sourceTree = "<group>";
			versionGroupType = wrapper.xcdatamodel;
		};
/* End XCVersionGroup section */
	};
	rootObject = DB3B24032DD42FFD0086B272 /* Project object */;
}
